
Microsoft Visual Studio Solution File, Format Version 12.00
# Visual Studio Version 17
VisualStudioVersion = 17.3.32929.385
MinimumVisualStudioVersion = 10.0.40219.1
Project("{FAE04EC0-301F-11D3-BF4B-00C04F79EFBC}") = "laptrinhweb", "laptrinhweb\laptrinhweb.csproj", "{2ADB168C-AF47-424F-BDDC-11212D6654CD}"
EndProject
Global
	GlobalSection(SolutionConfigurationPlatforms) = preSolution
		Debug|Any CPU = Debug|Any CPU
		Release|Any CPU = Release|Any CPU
	EndGlobalSection
	GlobalSection(ProjectConfigurationPlatforms) = postSolution
		{2ADB168C-AF47-424F-BDDC-11212D6654CD}.Debug|Any CPU.ActiveCfg = Debug|Any CPU
		{2ADB168C-AF47-424F-BDDC-11212D6654CD}.Debug|Any CPU.Build.0 = Debug|Any CPU
		{2ADB168C-AF47-424F-BDDC-11212D6654CD}.Release|Any CPU.ActiveCfg = Release|Any CPU
		{2ADB168C-AF47-424F-BDDC-11212D6654CD}.Release|Any CPU.Build.0 = Release|Any CPU
	EndGlobalSection
	GlobalSection(SolutionProperties) = preSolution
		HideSolutionNode = FALSE
	EndGlobalSection
	GlobalSection(ExtensibilityGlobals) = postSolution
		SolutionGuid = {FA072EFE-703C-4578-8FF7-D49804CEC2A7}
	EndGlobalSection
EndGlobal
